
Microsoft Visual Studio Solution File, Format Version 12.00
# Visual Studio Version 17
VisualStudioVersion = 17.11.35222.181
MinimumVisualStudioVersion = 10.0.40219.1
Project("{888888A0-9F3D-457C-B088-3A5042F75D52}") = "gaame", "gaame\gaame.pyproj", "{ACFC28AA-B1C5-4561-87B1-22400D32DBCB}"
EndProject
Global
	GlobalSection(SolutionConfigurationPlatforms) = preSolution
		Debug|Any CPU = Debug|Any CPU
		Release|Any CPU = Release|Any CPU
	EndGlobalSection
	GlobalSection(ProjectConfigurationPlatforms) = postSolution
		{ACFC28AA-B1C5-4561-87B1-22400D32DBCB}.Debug|Any CPU.ActiveCfg = Debug|Any CPU
		{ACFC28AA-B1C5-4561-87B1-22400D32DBCB}.Release|Any CPU.ActiveCfg = Release|Any CPU
	EndGlobalSection
	GlobalSection(SolutionProperties) = preSolution
		HideSolutionNode = FALSE
	EndGlobalSection
	GlobalSection(ExtensibilityGlobals) = postSolution
		SolutionGuid = {57C39525-C387-4020-A312-BC1E67190526}
	EndGlobalSection
EndGlobal
